
Microsoft Visual Studio Solution File, Format Version 12.00
# Visual Studio Version 16
VisualStudioVersion = 16.0.31702.278
MinimumVisualStudioVersion = 10.0.40219.1
Project("{8BC9CEB8-8B4A-11D0-8D11-00A0C91BC942}") = "carsdb", "carsdb\carsdb.vcxproj", "{D3E18627-396D-429B-9FA4-90D85846B87F}"
	ProjectSection(ProjectDependencies) = postProject
		{262DC6DB-1B57-4A74-A467-F01454A3C19B} = {262DC6DB-1B57-4A74-A467-F01454A3C19B}
	EndProjectSection
EndProject
Project("{8BC9CEB8-8B4A-11D0-8D11-00A0C91BC942}") = "tests", "tests\tests.vcxproj", "{A6E1403F-C59A-43FE-A6D7-4B3F42C8402A}"
	ProjectSection(ProjectDependencies) = postProject
		{262DC6DB-1B57-4A74-A467-F01454A3C19B} = {262DC6DB-1B57-4A74-A467-F01454A3C19B}
	EndProjectSection
EndProject
Project("{8BC9CEB8-8B4A-11D0-8D11-00A0C91BC942}") = "4dbq", "4dbq\4dbq.vcxproj", "{62B88A07-1889-49DB-99B4-34A6EA119379}"
	ProjectSection(ProjectDependencies) = postProject
		{262DC6DB-1B57-4A74-A467-F01454A3C19B} = {262DC6DB-1B57-4A74-A467-F01454A3C19B}
	EndProjectSection
EndProject
Project("{8BC9CEB8-8B4A-11D0-8D11-00A0C91BC942}") = "4db", "4db\4db.vcxproj", "{262DC6DB-1B57-4A74-A467-F01454A3C19B}"
EndProject
Project("{8BC9CEB8-8B4A-11D0-8D11-00A0C91BC942}") = "musicdb", "musicdb\musicdb.vcxproj", "{35F68B93-E331-43DB-9D83-096C57A36237}"
	ProjectSection(ProjectDependencies) = postProject
		{262DC6DB-1B57-4A74-A467-F01454A3C19B} = {262DC6DB-1B57-4A74-A467-F01454A3C19B}
	EndProjectSection
EndProject
Global
	GlobalSection(SolutionConfigurationPlatforms) = preSolution
		Debug|Any CPU = Debug|Any CPU
		Debug|x64 = Debug|x64
		Debug|x86 = Debug|x86
		Release|Any CPU = Release|Any CPU
		Release|x64 = Release|x64
		Release|x86 = Release|x86
	EndGlobalSection
	GlobalSection(ProjectConfigurationPlatforms) = postSolution
		{D3E18627-396D-429B-9FA4-90D85846B87F}.Debug|Any CPU.ActiveCfg = Debug|Win32
		{D3E18627-396D-429B-9FA4-90D85846B87F}.Debug|Any CPU.Build.0 = Debug|Win32
		{D3E18627-396D-429B-9FA4-90D85846B87F}.Debug|x64.ActiveCfg = Debug|x64
		{D3E18627-396D-429B-9FA4-90D85846B87F}.Debug|x64.Build.0 = Debug|x64
		{D3E18627-396D-429B-9FA4-90D85846B87F}.Debug|x86.ActiveCfg = Debug|Win32
		{D3E18627-396D-429B-9FA4-90D85846B87F}.Debug|x86.Build.0 = Debug|Win32
		{D3E18627-396D-429B-9FA4-90D85846B87F}.Release|Any CPU.ActiveCfg = Release|Win32
		{D3E18627-396D-429B-9FA4-90D85846B87F}.Release|Any CPU.Build.0 = Release|Win32
		{D3E18627-396D-429B-9FA4-90D85846B87F}.Release|x64.ActiveCfg = Release|x64
		{D3E18627-396D-429B-9FA4-90D85846B87F}.Release|x64.Build.0 = Release|x64
		{D3E18627-396D-429B-9FA4-90D85846B87F}.Release|x86.ActiveCfg = Release|Win32
		{D3E18627-396D-429B-9FA4-90D85846B87F}.Release|x86.Build.0 = Release|Win32
		{A6E1403F-C59A-43FE-A6D7-4B3F42C8402A}.Debug|Any CPU.ActiveCfg = Debug|Win32
		{A6E1403F-C59A-43FE-A6D7-4B3F42C8402A}.Debug|x64.ActiveCfg = Debug|x64
		{A6E1403F-C59A-43FE-A6D7-4B3F42C8402A}.Debug|x64.Build.0 = Debug|x64
		{A6E1403F-C59A-43FE-A6D7-4B3F42C8402A}.Debug|x86.ActiveCfg = Debug|Win32
		{A6E1403F-C59A-43FE-A6D7-4B3F42C8402A}.Debug|x86.Build.0 = Debug|Win32
		{A6E1403F-C59A-43FE-A6D7-4B3F42C8402A}.Release|Any CPU.ActiveCfg = Release|Win32
		{A6E1403F-C59A-43FE-A6D7-4B3F42C8402A}.Release|x64.ActiveCfg = Release|x64
		{A6E1403F-C59A-43FE-A6D7-4B3F42C8402A}.Release|x64.Build.0 = Release|x64
		{A6E1403F-C59A-43FE-A6D7-4B3F42C8402A}.Release|x86.ActiveCfg = Release|Win32
		{A6E1403F-C59A-43FE-A6D7-4B3F42C8402A}.Release|x86.Build.0 = Release|Win32
		{62B88A07-1889-49DB-99B4-34A6EA119379}.Debug|Any CPU.ActiveCfg = Debug|Win32
		{62B88A07-1889-49DB-99B4-34A6EA119379}.Debug|x64.ActiveCfg = Debug|x64
		{62B88A07-1889-49DB-99B4-34A6EA119379}.Debug|x64.Build.0 = Debug|x64
		{62B88A07-1889-49DB-99B4-34A6EA119379}.Debug|x86.ActiveCfg = Debug|Win32
		{62B88A07-1889-49DB-99B4-34A6EA119379}.Debug|x86.Build.0 = Debug|Win32
		{62B88A07-1889-49DB-99B4-34A6EA119379}.Release|Any CPU.ActiveCfg = Release|Win32
		{62B88A07-1889-49DB-99B4-34A6EA119379}.Release|x64.ActiveCfg = Release|x64
		{62B88A07-1889-49DB-99B4-34A6EA119379}.Release|x64.Build.0 = Release|x64
		{62B88A07-1889-49DB-99B4-34A6EA119379}.Release|x86.ActiveCfg = Release|Win32
		{62B88A07-1889-49DB-99B4-34A6EA119379}.Release|x86.Build.0 = Release|Win32
		{262DC6DB-1B57-4A74-A467-F01454A3C19B}.Debug|Any CPU.ActiveCfg = Debug|Win32
		{262DC6DB-1B57-4A74-A467-F01454A3C19B}.Debug|x64.ActiveCfg = Debug|x64
		{262DC6DB-1B57-4A74-A467-F01454A3C19B}.Debug|x64.Build.0 = Debug|x64
		{262DC6DB-1B57-4A74-A467-F01454A3C19B}.Debug|x86.ActiveCfg = Debug|Win32
		{262DC6DB-1B57-4A74-A467-F01454A3C19B}.Debug|x86.Build.0 = Debug|Win32
		{262DC6DB-1B57-4A74-A467-F01454A3C19B}.Release|Any CPU.ActiveCfg = Release|Win32
		{262DC6DB-1B57-4A74-A467-F01454A3C19B}.Release|x64.ActiveCfg = Release|x64
		{262DC6DB-1B57-4A74-A467-F01454A3C19B}.Release|x64.Build.0 = Release|x64
		{262DC6DB-1B57-4A74-A467-F01454A3C19B}.Release|x86.ActiveCfg = Release|Win32
		{262DC6DB-1B57-4A74-A467-F01454A3C19B}.Release|x86.Build.0 = Release|Win32
		{35F68B93-E331-43DB-9D83-096C57A36237}.Debug|Any CPU.ActiveCfg = Debug|Win32
		{35F68B93-E331-43DB-9D83-096C57A36237}.Debug|x64.ActiveCfg = Debug|x64
		{35F68B93-E331-43DB-9D83-096C57A36237}.Debug|x64.Build.0 = Debug|x64
		{35F68B93-E331-43DB-9D83-096C57A36237}.Debug|x86.ActiveCfg = Debug|Win32
		{35F68B93-E331-43DB-9D83-096C57A36237}.Debug|x86.Build.0 = Debug|Win32
		{35F68B93-E331-43DB-9D83-096C57A36237}.Release|Any CPU.ActiveCfg = Release|Win32
		{35F68B93-E331-43DB-9D83-096C57A36237}.Release|x64.ActiveCfg = Release|x64
		{35F68B93-E331-43DB-9D83-096C57A36237}.Release|x64.Build.0 = Release|x64
		{35F68B93-E331-43DB-9D83-096C57A36237}.Release|x86.ActiveCfg = Release|Win32
		{35F68B93-E331-43DB-9D83-096C57A36237}.Release|x86.Build.0 = Release|Win32
	EndGlobalSection
	GlobalSection(SolutionProperties) = preSolution
		HideSolutionNode = FALSE
	EndGlobalSection
	GlobalSection(ExtensibilityGlobals) = postSolution
		SolutionGuid = {07C04C34-9583-45EA-A7C4-4F551747F198}
	EndGlobalSection
EndGlobal
